
Microsoft Visual Studio Solution File, Format Version 12.00
# Visual Studio Version 16
VisualStudioVersion = 16.0.29911.84
MinimumVisualStudioVersion = 10.0.40219.1
Project("{FAE04EC0-301F-11D3-BF4B-00C04F79EFBC}") = "GitForAshlee", "GitForAshlee\GitForAshlee.csproj", "{99583D89-D18A-456D-9A7F-A5466843B1A9}"
EndProject
Global
	GlobalSection(SolutionConfigurationPlatforms) = preSolution
		Debug|Any CPU = Debug|Any CPU
		Release|Any CPU = Release|Any CPU
	EndGlobalSection
	GlobalSection(ProjectConfigurationPlatforms) = postSolution
		{99583D89-D18A-456D-9A7F-A5466843B1A9}.Debug|Any CPU.ActiveCfg = Debug|Any CPU
		{99583D89-D18A-456D-9A7F-A5466843B1A9}.Debug|Any CPU.Build.0 = Debug|Any CPU
		{99583D89-D18A-456D-9A7F-A5466843B1A9}.Release|Any CPU.ActiveCfg = Release|Any CPU
		{99583D89-D18A-456D-9A7F-A5466843B1A9}.Release|Any CPU.Build.0 = Release|Any CPU
	EndGlobalSection
	GlobalSection(SolutionProperties) = preSolution
		HideSolutionNode = FALSE
	EndGlobalSection
	GlobalSection(ExtensibilityGlobals) = postSolution
		SolutionGuid = {BFBAD99E-BC9D-4E00-9110-CA09C479DE64}
	EndGlobalSection
EndGlobal
